
Microsoft Visual Studio Solution File, Format Version 12.00
# Visual Studio Version 17
VisualStudioVersion = 17.9.34616.47
MinimumVisualStudioVersion = 10.0.40219.1
Project("{FAE04EC0-301F-11D3-BF4B-00C04F79EFBC}") = "TestSolution", "TestSolution\TestSolution.csproj", "{4BF00E47-05BD-46B4-B025-F8A37A73B8DB}"
EndProject
Project("{FAE04EC0-301F-11D3-BF4B-00C04F79EFBC}") = "TestProject", "TestProject\TestProject.csproj", "{3BE878F8-5D06-4BE1-92A1-B958C86D41D5}"
EndProject
Global
	GlobalSection(SolutionConfigurationPlatforms) = preSolution
		Debug|Any CPU = Debug|Any CPU
		Release|Any CPU = Release|Any CPU
	EndGlobalSection
	GlobalSection(ProjectConfigurationPlatforms) = postSolution
		{4BF00E47-05BD-46B4-B025-F8A37A73B8DB}.Debug|Any CPU.ActiveCfg = Debug|Any CPU
		{4BF00E47-05BD-46B4-B025-F8A37A73B8DB}.Debug|Any CPU.Build.0 = Debug|Any CPU
		{4BF00E47-05BD-46B4-B025-F8A37A73B8DB}.Release|Any CPU.ActiveCfg = Release|Any CPU
		{4BF00E47-05BD-46B4-B025-F8A37A73B8DB}.Release|Any CPU.Build.0 = Release|Any CPU
		{3BE878F8-5D06-4BE1-92A1-B958C86D41D5}.Debug|Any CPU.ActiveCfg = Debug|Any CPU
		{3BE878F8-5D06-4BE1-92A1-B958C86D41D5}.Debug|Any CPU.Build.0 = Debug|Any CPU
		{3BE878F8-5D06-4BE1-92A1-B958C86D41D5}.Release|Any CPU.ActiveCfg = Release|Any CPU
		{3BE878F8-5D06-4BE1-92A1-B958C86D41D5}.Release|Any CPU.Build.0 = Release|Any CPU
	EndGlobalSection
	GlobalSection(SolutionProperties) = preSolution
		HideSolutionNode = FALSE
	EndGlobalSection
	GlobalSection(ExtensibilityGlobals) = postSolution
		SolutionGuid = {01E75DF1-50C2-422D-9162-CEF7235BC6B7}
	EndGlobalSection
EndGlobal
